
Microsoft Visual Studio Solution File, Format Version 12.00
# Visual Studio for Mac
Project("{FAE04EC0-301F-11D3-BF4B-00C04F79EFBC}") = "Shogi", "Assembly-CSharp.csproj", "{C42BD774-BD45-1B3F-9FBC-2B2CEC93717B}"
EndProject
Global
	GlobalSection(SolutionConfigurationPlatforms) = preSolution
		Debug|Any CPU = Debug|Any CPU
		Release|Any CPU = Release|Any CPU
	EndGlobalSection
	GlobalSection(ProjectConfigurationPlatforms) = postSolution
		{C42BD774-BD45-1B3F-9FBC-2B2CEC93717B}.Debug|Any CPU.ActiveCfg = Debug|Any CPU
		{C42BD774-BD45-1B3F-9FBC-2B2CEC93717B}.Debug|Any CPU.Build.0 = Debug|Any CPU
		{C42BD774-BD45-1B3F-9FBC-2B2CEC93717B}.Release|Any CPU.ActiveCfg = Release|Any CPU
		{C42BD774-BD45-1B3F-9FBC-2B2CEC93717B}.Release|Any CPU.Build.0 = Release|Any CPU
	EndGlobalSection
	GlobalSection(SolutionProperties) = preSolution
		HideSolutionNode = FALSE
	EndGlobalSection
EndGlobal
